
Microsoft Visual Studio Solution File, Format Version 12.00
# Visual Studio Version 17
VisualStudioVersion = 17.0.31912.275
MinimumVisualStudioVersion = 10.0.40219.1
Project("{9A19103F-16F7-4668-BE54-9A1E7A4F7556}") = "BlazorApp", "BlazorApp.csproj", "{099A7125-8A65-43C2-A2E8-4223143BB143}"
EndProject
Global
	GlobalSection(SolutionConfigurationPlatforms) = preSolution
		Debug|Any CPU = Debug|Any CPU
		Release|Any CPU = Release|Any CPU
	EndGlobalSection
	GlobalSection(ProjectConfigurationPlatforms) = postSolution
		{099A7125-8A65-43C2-A2E8-4223143BB143}.Debug|Any CPU.ActiveCfg = Debug|Any CPU
		{099A7125-8A65-43C2-A2E8-4223143BB143}.Debug|Any CPU.Build.0 = Debug|Any CPU
		{099A7125-8A65-43C2-A2E8-4223143BB143}.Release|Any CPU.ActiveCfg = Release|Any CPU
		{099A7125-8A65-43C2-A2E8-4223143BB143}.Release|Any CPU.Build.0 = Release|Any CPU
	EndGlobalSection
	GlobalSection(SolutionProperties) = preSolution
		HideSolutionNode = FALSE
	EndGlobalSection
	GlobalSection(ExtensibilityGlobals) = postSolution
		SolutionGuid = {A84C5C20-9403-4787-BFB1-5486CD4D038B}
	EndGlobalSection
EndGlobal
